// !$*UTF8*$!
{
	archiveVersion = 1;
	classes = {
	};
	objectVersion = 50;
	objects = {

/* Begin PBXBuildFile section */
		17084C9F24AF4F8800B1BE07 /* Gradient.swift in Sources */ = {isa = PBXBuildFile; fileRef = 17084C9E24AF4F8700B1BE07 /* Gradient.swift */; };
		17084CA224AF56D200B1BE07 /* HomepageBaukasten-Book.ttf in Resources */ = {isa = PBXBuildFile; fileRef = 17084CA124AF56D200B1BE07 /* HomepageBaukasten-Book.ttf */; };
		17084CA424AF56E200B1BE07 /* HomepageBaukasten-Bold.ttf in Resources */ = {isa = PBXBuildFile; fileRef = 17084CA324AF56E200B1BE07 /* HomepageBaukasten-Bold.ttf */; };
		17084CA724AF573300B1BE07 /* iCiel Gotham-Medium.ttf in Resources */ = {isa = PBXBuildFile; fileRef = 17084CA524AF573300B1BE07 /* iCiel Gotham-Medium.ttf */; };
		17084CA824AF573300B1BE07 /* iCiel Gotham-Thin.ttf in Resources */ = {isa = PBXBuildFile; fileRef = 17084CA624AF573300B1BE07 /* iCiel Gotham-Thin.ttf */; };
		17674DC824AF6A7B00D3DDC3 /* SimilarMovieCell.swift in Sources */ = {isa = PBXBuildFile; fileRef = 17674DC724AF6A7B00D3DDC3 /* SimilarMovieCell.swift */; };
		177B12AD24AEFF78006E1D10 /* AppDelegate.swift in Sources */ = {isa = PBXBuildFile; fileRef = 177B12AC24AEFF78006E1D10 /* AppDelegate.swift */; };
		177B12AF24AEFF78006E1D10 /* SceneDelegate.swift in Sources */ = {isa = PBXBuildFile; fileRef = 177B12AE24AEFF78006E1D10 /* SceneDelegate.swift */; };
		177B12B124AEFF78006E1D10 /* DetailController.swift in Sources */ = {isa = PBXBuildFile; fileRef = 177B12B024AEFF78006E1D10 /* DetailController.swift */; };
		177B12B424AEFF78006E1D10 /* Main.storyboard in Resources */ = {isa = PBXBuildFile; fileRef = 177B12B224AEFF78006E1D10 /* Main.storyboard */; };
		177B12B724AEFF78006E1D10 /* Competition5.xcdatamodeld in Sources */ = {isa = PBXBuildFile; fileRef = 177B12B524AEFF78006E1D10 /* Competition5.xcdatamodeld */; };
		177B12B924AEFF7A006E1D10 /* Assets.xcassets in Resources */ = {isa = PBXBuildFile; fileRef = 177B12B824AEFF7A006E1D10 /* Assets.xcassets */; };
		177B12BC24AEFF7A006E1D10 /* LaunchScreen.storyboard in Resources */ = {isa = PBXBuildFile; fileRef = 177B12BA24AEFF7A006E1D10 /* LaunchScreen.storyboard */; };
		177B12C724AF0016006E1D10 /* HomeController.swift in Sources */ = {isa = PBXBuildFile; fileRef = 177B12C624AF0016006E1D10 /* HomeController.swift */; };
		177B12C924AF009C006E1D10 /* PopularCell.swift in Sources */ = {isa = PBXBuildFile; fileRef = 177B12C824AF009C006E1D10 /* PopularCell.swift */; };
		177B12CB24AF01D1006E1D10 /* Extensions.swift in Sources */ = {isa = PBXBuildFile; fileRef = 177B12CA24AF01D1006E1D10 /* Extensions.swift */; };
		177B12CE24AF03CE006E1D10 /* HeaderCell.swift in Sources */ = {isa = PBXBuildFile; fileRef = 177B12CD24AF03CE006E1D10 /* HeaderCell.swift */; };
		177B12D024AF03D9006E1D10 /* NormalCell.swift in Sources */ = {isa = PBXBuildFile; fileRef = 177B12CF24AF03D9006E1D10 /* NormalCell.swift */; };
		177B12D224AF0742006E1D10 /* JSON.swift in Sources */ = {isa = PBXBuildFile; fileRef = 177B12D124AF0742006E1D10 /* JSON.swift */; };
		177B12D424AF0AFA006E1D10 /* Delegates.swift in Sources */ = {isa = PBXBuildFile; fileRef = 177B12D324AF0AFA006E1D10 /* Delegates.swift */; };
		3478D77E24AF929B00FFCA70 /* test.swift in Sources */ = {isa = PBXBuildFile; fileRef = 3478D77D24AF929B00FFCA70 /* test.swift */; };
		418EE40824AF6FCB00BB877B /* API.swift in Sources */ = {isa = PBXBuildFile; fileRef = 418EE40724AF6FCB00BB877B /* API.swift */; };
		418EE40A24AF9F0F00BB877B /* SearchViewController.swift in Sources */ = {isa = PBXBuildFile; fileRef = 418EE40924AF9F0F00BB877B /* SearchViewController.swift */; };
		418EE40D24AF9F3300BB877B /* SearchCell.swift in Sources */ = {isa = PBXBuildFile; fileRef = 418EE40B24AF9F3300BB877B /* SearchCell.swift */; };
		418EE40E24AF9F3300BB877B /* SearchCell.xib in Resources */ = {isa = PBXBuildFile; fileRef = 418EE40C24AF9F3300BB877B /* SearchCell.xib */; };
		4193DEB624AF57B400A754DE /* APIServices.swift in Sources */ = {isa = PBXBuildFile; fileRef = 4193DEB524AF57B400A754DE /* APIServices.swift */; };
/* End PBXBuildFile section */

/* Begin PBXFileReference section */
		17084C9E24AF4F8700B1BE07 /* Gradient.swift */ = {isa = PBXFileReference; fileEncoding = 4; lastKnownFileType = sourcecode.swift; path = Gradient.swift; sourceTree = "<group>"; };
		17084CA124AF56D200B1BE07 /* HomepageBaukasten-Book.ttf */ = {isa = PBXFileReference; lastKnownFileType = file; path = "HomepageBaukasten-Book.ttf"; sourceTree = "<group>"; };
		17084CA324AF56E200B1BE07 /* HomepageBaukasten-Bold.ttf */ = {isa = PBXFileReference; lastKnownFileType = file; path = "HomepageBaukasten-Bold.ttf"; sourceTree = "<group>"; };
		17084CA524AF573300B1BE07 /* iCiel Gotham-Medium.ttf */ = {isa = PBXFileReference; lastKnownFileType = file; path = "iCiel Gotham-Medium.ttf"; sourceTree = "<group>"; };
		17084CA624AF573300B1BE07 /* iCiel Gotham-Thin.ttf */ = {isa = PBXFileReference; lastKnownFileType = file; path = "iCiel Gotham-Thin.ttf"; sourceTree = "<group>"; };
		17674DC724AF6A7B00D3DDC3 /* SimilarMovieCell.swift */ = {isa = PBXFileReference; lastKnownFileType = sourcecode.swift; path = SimilarMovieCell.swift; sourceTree = "<group>"; };
		177B12A924AEFF78006E1D10 /* Competition5.app */ = {isa = PBXFileReference; explicitFileType = wrapper.application; includeInIndex = 0; path = Competition5.app; sourceTree = BUILT_PRODUCTS_DIR; };
		177B12AC24AEFF78006E1D10 /* AppDelegate.swift */ = {isa = PBXFileReference; lastKnownFileType = sourcecode.swift; path = AppDelegate.swift; sourceTree = "<group>"; };
		177B12AE24AEFF78006E1D10 /* SceneDelegate.swift */ = {isa = PBXFileReference; lastKnownFileType = sourcecode.swift; path = SceneDelegate.swift; sourceTree = "<group>"; };
		177B12B024AEFF78006E1D10 /* DetailController.swift */ = {isa = PBXFileReference; lastKnownFileType = sourcecode.swift; path = DetailController.swift; sourceTree = "<group>"; };
		177B12B324AEFF78006E1D10 /* Base */ = {isa = PBXFileReference; lastKnownFileType = file.storyboard; name = Base; path = Base.lproj/Main.storyboard; sourceTree = "<group>"; };
		177B12B624AEFF78006E1D10 /* Competition5.xcdatamodel */ = {isa = PBXFileReference; lastKnownFileType = wrapper.xcdatamodel; path = Competition5.xcdatamodel; sourceTree = "<group>"; };
		177B12B824AEFF7A006E1D10 /* Assets.xcassets */ = {isa = PBXFileReference; lastKnownFileType = folder.assetcatalog; path = Assets.xcassets; sourceTree = "<group>"; };
		177B12BB24AEFF7A006E1D10 /* Base */ = {isa = PBXFileReference; lastKnownFileType = file.storyboard; name = Base; path = Base.lproj/LaunchScreen.storyboard; sourceTree = "<group>"; };
		177B12BD24AEFF7A006E1D10 /* Info.plist */ = {isa = PBXFileReference; lastKnownFileType = text.plist.xml; path = Info.plist; sourceTree = "<group>"; };
		177B12C624AF0016006E1D10 /* HomeController.swift */ = {isa = PBXFileReference; lastKnownFileType = sourcecode.swift; path = HomeController.swift; sourceTree = "<group>"; };
		177B12C824AF009C006E1D10 /* PopularCell.swift */ = {isa = PBXFileReference; lastKnownFileType = sourcecode.swift; path = PopularCell.swift; sourceTree = "<group>"; };
		177B12CA24AF01D1006E1D10 /* Extensions.swift */ = {isa = PBXFileReference; lastKnownFileType = sourcecode.swift; path = Extensions.swift; sourceTree = "<group>"; };
		177B12CD24AF03CE006E1D10 /* HeaderCell.swift */ = {isa = PBXFileReference; lastKnownFileType = sourcecode.swift; path = HeaderCell.swift; sourceTree = "<group>"; };
		177B12CF24AF03D9006E1D10 /* NormalCell.swift */ = {isa = PBXFileReference; lastKnownFileType = sourcecode.swift; path = NormalCell.swift; sourceTree = "<group>"; };
		177B12D124AF0742006E1D10 /* JSON.swift */ = {isa = PBXFileReference; lastKnownFileType = sourcecode.swift; path = JSON.swift; sourceTree = "<group>"; };
		177B12D324AF0AFA006E1D10 /* Delegates.swift */ = {isa = PBXFileReference; fileEncoding = 4; lastKnownFileType = sourcecode.swift; path = Delegates.swift; sourceTree = "<group>"; };
		3478D77D24AF929B00FFCA70 /* test.swift */ = {isa = PBXFileReference; lastKnownFileType = sourcecode.swift; path = test.swift; sourceTree = "<group>"; };
		418EE40724AF6FCB00BB877B /* API.swift */ = {isa = PBXFileReference; lastKnownFileType = sourcecode.swift; path = API.swift; sourceTree = "<group>"; };
		418EE40924AF9F0F00BB877B /* SearchViewController.swift */ = {isa = PBXFileReference; lastKnownFileType = sourcecode.swift; path = SearchViewController.swift; sourceTree = "<group>"; };
		418EE40B24AF9F3300BB877B /* SearchCell.swift */ = {isa = PBXFileReference; lastKnownFileType = sourcecode.swift; path = SearchCell.swift; sourceTree = "<group>"; };
		418EE40C24AF9F3300BB877B /* SearchCell.xib */ = {isa = PBXFileReference; lastKnownFileType = file.xib; path = SearchCell.xib; sourceTree = "<group>"; };
		4193DEB524AF57B400A754DE /* APIServices.swift */ = {isa = PBXFileReference; lastKnownFileType = sourcecode.swift; path = APIServices.swift; sourceTree = "<group>"; };
/* End PBXFileReference section */

/* Begin PBXFrameworksBuildPhase section */
		177B12A624AEFF78006E1D10 /* Frameworks */ = {
			isa = PBXFrameworksBuildPhase;
			buildActionMask = 2147483647;
			files = (
			);
			runOnlyForDeploymentPostprocessing = 0;
		};
/* End PBXFrameworksBuildPhase section */

/* Begin PBXGroup section */
		17084CA024AF56AE00B1BE07 /* Fonts */ = {
			isa = PBXGroup;
			children = (
				17084CA124AF56D200B1BE07 /* HomepageBaukasten-Book.ttf */,
				17084CA324AF56E200B1BE07 /* HomepageBaukasten-Bold.ttf */,
				17084CA524AF573300B1BE07 /* iCiel Gotham-Medium.ttf */,
				17084CA624AF573300B1BE07 /* iCiel Gotham-Thin.ttf */,
			);
			path = Fonts;
			sourceTree = "<group>";
		};
		177B12A024AEFF77006E1D10 = {
			isa = PBXGroup;
			children = (
				177B12AB24AEFF78006E1D10 /* Competition5 */,
				177B12AA24AEFF78006E1D10 /* Products */,
			);
			sourceTree = "<group>";
		};
		177B12AA24AEFF78006E1D10 /* Products */ = {
			isa = PBXGroup;
			children = (
				177B12A924AEFF78006E1D10 /* Competition5.app */,
			);
			name = Products;
			sourceTree = "<group>";
		};
		177B12AB24AEFF78006E1D10 /* Competition5 */ = {
			isa = PBXGroup;
			children = (
				17084CA024AF56AE00B1BE07 /* Fonts */,
				177B12CC24AF03BD006E1D10 /* Cell */,
				177B12C524AEFF92006E1D10 /* Additionals */,
				177B12C424AEFF8B006E1D10 /* Controllers */,
				177B12C324AEFF84006E1D10 /* JSON */,
				177B12B224AEFF78006E1D10 /* Main.storyboard */,
				177B12BD24AEFF7A006E1D10 /* Info.plist */,
				177B12B524AEFF78006E1D10 /* Competition5.xcdatamodeld */,
				3478D77D24AF929B00FFCA70 /* test.swift */,
			);
			path = Competition5;
			sourceTree = "<group>";
		};
		177B12C324AEFF84006E1D10 /* JSON */ = {
			isa = PBXGroup;
			children = (
				177B12D124AF0742006E1D10 /* JSON.swift */,
				4193DEB524AF57B400A754DE /* APIServices.swift */,
				418EE40724AF6FCB00BB877B /* API.swift */,
			);
			path = JSON;
			sourceTree = "<group>";
		};
		177B12C424AEFF8B006E1D10 /* Controllers */ = {
			isa = PBXGroup;
			children = (
				177B12B024AEFF78006E1D10 /* DetailController.swift */,
				177B12C624AF0016006E1D10 /* HomeController.swift */,
				418EE40924AF9F0F00BB877B /* SearchViewController.swift */,
			);
			path = Controllers;
			sourceTree = "<group>";
		};
		177B12C524AEFF92006E1D10 /* Additionals */ = {
			isa = PBXGroup;
			children = (
				177B12AC24AEFF78006E1D10 /* AppDelegate.swift */,
				177B12AE24AEFF78006E1D10 /* SceneDelegate.swift */,
				177B12B824AEFF7A006E1D10 /* Assets.xcassets */,
				177B12BA24AEFF7A006E1D10 /* LaunchScreen.storyboard */,
				177B12CA24AF01D1006E1D10 /* Extensions.swift */,
				177B12D324AF0AFA006E1D10 /* Delegates.swift */,
				17084C9E24AF4F8700B1BE07 /* Gradient.swift */,
			);
			path = Additionals;
			sourceTree = "<group>";
		};
		177B12CC24AF03BD006E1D10 /* Cell */ = {
			isa = PBXGroup;
			children = (
				177B12C824AF009C006E1D10 /* PopularCell.swift */,
				177B12CD24AF03CE006E1D10 /* HeaderCell.swift */,
				177B12CF24AF03D9006E1D10 /* NormalCell.swift */,
				17674DC724AF6A7B00D3DDC3 /* SimilarMovieCell.swift */,
				418EE40B24AF9F3300BB877B /* SearchCell.swift */,
				418EE40C24AF9F3300BB877B /* SearchCell.xib */,
			);
			path = Cell;
			sourceTree = "<group>";
		};
/* End PBXGroup section */

/* Begin PBXNativeTarget section */
		177B12A824AEFF78006E1D10 /* Competition5 */ = {
			isa = PBXNativeTarget;
			buildConfigurationList = 177B12C024AEFF7A006E1D10 /* Build configuration list for PBXNativeTarget "Competition5" */;
			buildPhases = (
				177B12A524AEFF78006E1D10 /* Sources */,
				177B12A624AEFF78006E1D10 /* Frameworks */,
				177B12A724AEFF78006E1D10 /* Resources */,
			);
			buildRules = (
			);
			dependencies = (
			);
			name = Competition5;
			productName = Competition5;
			productReference = 177B12A924AEFF78006E1D10 /* Competition5.app */;
			productType = "com.apple.product-type.application";
		};
/* End PBXNativeTarget section */

/* Begin PBXProject section */
		177B12A124AEFF77006E1D10 /* Project object */ = {
			isa = PBXProject;
			attributes = {
				LastSwiftUpdateCheck = 1150;
				LastUpgradeCheck = 1150;
				ORGANIZATIONNAME = "Apple Inc.";
				TargetAttributes = {
					177B12A824AEFF78006E1D10 = {
						CreatedOnToolsVersion = 11.5;
					};
				};
			};
			buildConfigurationList = 177B12A424AEFF77006E1D10 /* Build configuration list for PBXProject "Competition5" */;
			compatibilityVersion = "Xcode 9.3";
			developmentRegion = en;
			hasScannedForEncodings = 0;
			knownRegions = (
				en,
				Base,
			);
			mainGroup = 177B12A024AEFF77006E1D10;
			productRefGroup = 177B12AA24AEFF78006E1D10 /* Products */;
			projectDirPath = "";
			projectRoot = "";
			targets = (
				177B12A824AEFF78006E1D10 /* Competition5 */,
			);
		};
/* End PBXProject section */

/* Begin PBXResourcesBuildPhase section */
		177B12A724AEFF78006E1D10 /* Resources */ = {
			isa = PBXResourcesBuildPhase;
			buildActionMask = 2147483647;
			files = (
				17084CA424AF56E200B1BE07 /* HomepageBaukasten-Bold.ttf in Resources */,
				177B12BC24AEFF7A006E1D10 /* LaunchScreen.storyboard in Resources */,
				177B12B924AEFF7A006E1D10 /* Assets.xcassets in Resources */,
				17084CA224AF56D200B1BE07 /* HomepageBaukasten-Book.ttf in Resources */,
				177B12B424AEFF78006E1D10 /* Main.storyboard in Resources */,
				418EE40E24AF9F3300BB877B /* SearchCell.xib in Resources */,
				17084CA724AF573300B1BE07 /* iCiel Gotham-Medium.ttf in Resources */,
				17084CA824AF573300B1BE07 /* iCiel Gotham-Thin.ttf in Resources */,
			);
			runOnlyForDeploymentPostprocessing = 0;
		};
/* End PBXResourcesBuildPhase section */

/* Begin PBXSourcesBuildPhase section */
		177B12A524AEFF78006E1D10 /* Sources */ = {
			isa = PBXSourcesBuildPhase;
			buildActionMask = 2147483647;
			files = (
				4193DEB624AF57B400A754DE /* APIServices.swift in Sources */,
				177B12B124AEFF78006E1D10 /* DetailController.swift in Sources */,
				17674DC824AF6A7B00D3DDC3 /* SimilarMovieCell.swift in Sources */,
				418EE40A24AF9F0F00BB877B /* SearchViewController.swift in Sources */,
				177B12D224AF0742006E1D10 /* JSON.swift in Sources */,
				418EE40824AF6FCB00BB877B /* API.swift in Sources */,
				3478D77E24AF929B00FFCA70 /* test.swift in Sources */,
				177B12B724AEFF78006E1D10 /* Competition5.xcdatamodeld in Sources */,
				177B12AD24AEFF78006E1D10 /* AppDelegate.swift in Sources */,
				177B12D024AF03D9006E1D10 /* NormalCell.swift in Sources */,
				177B12C924AF009C006E1D10 /* PopularCell.swift in Sources */,
				177B12CE24AF03CE006E1D10 /* HeaderCell.swift in Sources */,
				177B12D424AF0AFA006E1D10 /* Delegates.swift in Sources */,
				418EE40D24AF9F3300BB877B /* SearchCell.swift in Sources */,
				177B12AF24AEFF78006E1D10 /* SceneDelegate.swift in Sources */,
				177B12C724AF0016006E1D10 /* HomeController.swift in Sources */,
				177B12CB24AF01D1006E1D10 /* Extensions.swift in Sources */,
				17084C9F24AF4F8800B1BE07 /* Gradient.swift in Sources */,
			);
			runOnlyForDeploymentPostprocessing = 0;
		};
/* End PBXSourcesBuildPhase section */

/* Begin PBXVariantGroup section */
		177B12B224AEFF78006E1D10 /* Main.storyboard */ = {
			isa = PBXVariantGroup;
			children = (
				177B12B324AEFF78006E1D10 /* Base */,
			);
			name = Main.storyboard;
			sourceTree = "<group>";
		};
		177B12BA24AEFF7A006E1D10 /* LaunchScreen.storyboard */ = {
			isa = PBXVariantGroup;
			children = (
				177B12BB24AEFF7A006E1D10 /* Base */,
			);
			name = LaunchScreen.storyboard;
			sourceTree = "<group>";
		};
/* End PBXVariantGroup section */

/* Begin XCBuildConfiguration section */
		177B12BE24AEFF7A006E1D10 /* Debug */ = {
			isa = XCBuildConfiguration;
			buildSettings = {
				ALWAYS_SEARCH_USER_PATHS = NO;
				CLANG_ANALYZER_NONNULL = YES;
				CLANG_ANALYZER_NUMBER_OBJECT_CONVERSION = YES_AGGRESSIVE;
				CLANG_CXX_LANGUAGE_STANDARD = "gnu++14";
				CLANG_CXX_LIBRARY = "libc++";
				CLANG_ENABLE_MODULES = YES;
				CLANG_ENABLE_OBJC_ARC = YES;
				CLANG_ENABLE_OBJC_WEAK = YES;
				CLANG_WARN_BLOCK_CAPTURE_AUTORELEASING = YES;
				CLANG_WARN_BOOL_CONVERSION = YES;
				CLANG_WARN_COMMA = YES;
				CLANG_WARN_CONSTANT_CONVERSION = YES;
				CLANG_WARN_DEPRECATED_OBJC_IMPLEMENTATIONS = YES;
				CLANG_WARN_DIRECT_OBJC_ISA_USAGE = YES_ERROR;
				CLANG_WARN_DOCUMENTATION_COMMENTS = YES;
				CLANG_WARN_EMPTY_BODY = YES;
				CLANG_WARN_ENUM_CONVERSION = YES;
				CLANG_WARN_INFINITE_RECURSION = YES;
				CLANG_WARN_INT_CONVERSION = YES;
				CLANG_WARN_NON_LITERAL_NULL_CONVERSION = YES;
				CLANG_WARN_OBJC_IMPLICIT_RETAIN_SELF = YES;
				CLANG_WARN_OBJC_LITERAL_CONVERSION = YES;
				CLANG_WARN_OBJC_ROOT_CLASS = YES_ERROR;
				CLANG_WARN_RANGE_LOOP_ANALYSIS = YES;
				CLANG_WARN_STRICT_PROTOTYPES = YES;
				CLANG_WARN_SUSPICIOUS_MOVE = YES;
				CLANG_WARN_UNGUARDED_AVAILABILITY = YES_AGGRESSIVE;
				CLANG_WARN_UNREACHABLE_CODE = YES;
				CLANG_WARN__DUPLICATE_METHOD_MATCH = YES;
				COPY_PHASE_STRIP = NO;
				DEBUG_INFORMATION_FORMAT = dwarf;
				ENABLE_STRICT_OBJC_MSGSEND = YES;
				ENABLE_TESTABILITY = YES;
				GCC_C_LANGUAGE_STANDARD = gnu11;
				GCC_DYNAMIC_NO_PIC = NO;
				GCC_NO_COMMON_BLOCKS = YES;
				GCC_OPTIMIZATION_LEVEL = 0;
				GCC_PREPROCESSOR_DEFINITIONS = (
					"DEBUG=1",
					"$(inherited)",
				);
				GCC_WARN_64_TO_32_BIT_CONVERSION = YES;
				GCC_WARN_ABOUT_RETURN_TYPE = YES_ERROR;
				GCC_WARN_UNDECLARED_SELECTOR = YES;
				GCC_WARN_UNINITIALIZED_AUTOS = YES_AGGRESSIVE;
				GCC_WARN_UNUSED_FUNCTION = YES;
				GCC_WARN_UNUSED_VARIABLE = YES;
				IPHONEOS_DEPLOYMENT_TARGET = 13.5;
				MTL_ENABLE_DEBUG_INFO = INCLUDE_SOURCE;
				MTL_FAST_MATH = YES;
				ONLY_ACTIVE_ARCH = YES;
				SDKROOT = iphoneos;
				SWIFT_ACTIVE_COMPILATION_CONDITIONS = DEBUG;
				SWIFT_OPTIMIZATION_LEVEL = "-Onone";
			};
			name = Debug;
		};
		177B12BF24AEFF7A006E1D10 /* Release */ = {
			isa = XCBuildConfiguration;
			buildSettings = {
				ALWAYS_SEARCH_USER_PATHS = NO;
				CLANG_ANALYZER_NONNULL = YES;
				CLANG_ANALYZER_NUMBER_OBJECT_CONVERSION = YES_AGGRESSIVE;
				CLANG_CXX_LANGUAGE_STANDARD = "gnu++14";
				CLANG_CXX_LIBRARY = "libc++";
				CLANG_ENABLE_MODULES = YES;
				CLANG_ENABLE_OBJC_ARC = YES;
				CLANG_ENABLE_OBJC_WEAK = YES;
				CLANG_WARN_BLOCK_CAPTURE_AUTORELEASING = YES;
				CLANG_WARN_BOOL_CONVERSION = YES;
				CLANG_WARN_COMMA = YES;
				CLANG_WARN_CONSTANT_CONVERSION = YES;
				CLANG_WARN_DEPRECATED_OBJC_IMPLEMENTATIONS = YES;
				CLANG_WARN_DIRECT_OBJC_ISA_USAGE = YES_ERROR;
				CLANG_WARN_DOCUMENTATION_COMMENTS = YES;
				CLANG_WARN_EMPTY_BODY = YES;
				CLANG_WARN_ENUM_CONVERSION = YES;
				CLANG_WARN_INFINITE_RECURSION = YES;
				CLANG_WARN_INT_CONVERSION = YES;
				CLANG_WARN_NON_LITERAL_NULL_CONVERSION = YES;
				CLANG_WARN_OBJC_IMPLICIT_RETAIN_SELF = YES;
				CLANG_WARN_OBJC_LITERAL_CONVERSION = YES;
				CLANG_WARN_OBJC_ROOT_CLASS = YES_ERROR;
				CLANG_WARN_RANGE_LOOP_ANALYSIS = YES;
				CLANG_WARN_STRICT_PROTOTYPES = YES;
				CLANG_WARN_SUSPICIOUS_MOVE = YES;
				CLANG_WARN_UNGUARDED_AVAILABILITY = YES_AGGRESSIVE;
				CLANG_WARN_UNREACHABLE_CODE = YES;
				CLANG_WARN__DUPLICATE_METHOD_MATCH = YES;
				COPY_PHASE_STRIP = NO;
				DEBUG_INFORMATION_FORMAT = "dwarf-with-dsym";
				ENABLE_NS_ASSERTIONS = NO;
				ENABLE_STRICT_OBJC_MSGSEND = YES;
				GCC_C_LANGUAGE_STANDARD = gnu11;
				GCC_NO_COMMON_BLOCKS = YES;
				GCC_WARN_64_TO_32_BIT_CONVERSION = YES;
				GCC_WARN_ABOUT_RETURN_TYPE = YES_ERROR;
				GCC_WARN_UNDECLARED_SELECTOR = YES;
				GCC_WARN_UNINITIALIZED_AUTOS = YES_AGGRESSIVE;
				GCC_WARN_UNUSED_FUNCTION = YES;
				GCC_WARN_UNUSED_VARIABLE = YES;
				IPHONEOS_DEPLOYMENT_TARGET = 13.5;
				MTL_ENABLE_DEBUG_INFO = NO;
				MTL_FAST_MATH = YES;
				SDKROOT = iphoneos;
				SWIFT_COMPILATION_MODE = wholemodule;
				SWIFT_OPTIMIZATION_LEVEL = "-O";
				VALIDATE_PRODUCT = YES;
			};
			name = Release;
		};
		177B12C124AEFF7A006E1D10 /* Debug */ = {
			isa = XCBuildConfiguration;
			buildSettings = {
				ASSETCATALOG_COMPILER_APPICON_NAME = AppIcon;
				CODE_SIGN_STYLE = Automatic;
				INFOPLIST_FILE = Competition5/Info.plist;
				LD_RUNPATH_SEARCH_PATHS = (
					"$(inherited)",
					"@executable_path/Frameworks",
				);
				PRODUCT_BUNDLE_IDENTIFIER = ge.competition.Competition5;
				PRODUCT_NAME = "$(TARGET_NAME)";
				SWIFT_VERSION = 5.0;
				TARGETED_DEVICE_FAMILY = "1,2";
			};
			name = Debug;
		};
		177B12C224AEFF7A006E1D10 /* Release */ = {
			isa = XCBuildConfiguration;
			buildSettings = {
				ASSETCATALOG_COMPILER_APPICON_NAME = AppIcon;
				CODE_SIGN_STYLE = Automatic;
				INFOPLIST_FILE = Competition5/Info.plist;
				LD_RUNPATH_SEARCH_PATHS = (
					"$(inherited)",
					"@executable_path/Frameworks",
				);
				PRODUCT_BUNDLE_IDENTIFIER = ge.competition.Competition5;
				PRODUCT_NAME = "$(TARGET_NAME)";
				SWIFT_VERSION = 5.0;
				TARGETED_DEVICE_FAMILY = "1,2";
			};
			name = Release;
		};
/* End XCBuildConfiguration section */

/* Begin XCConfigurationList section */
		177B12A424AEFF77006E1D10 /* Build configuration list for PBXProject "Competition5" */ = {
			isa = XCConfigurationList;
			buildConfigurations = (
				177B12BE24AEFF7A006E1D10 /* Debug */,
				177B12BF24AEFF7A006E1D10 /* Release */,
			);
			defaultConfigurationIsVisible = 0;
			defaultConfigurationName = Release;
		};
		177B12C024AEFF7A006E1D10 /* Build configuration list for PBXNativeTarget "Competition5" */ = {
			isa = XCConfigurationList;
			buildConfigurations = (
				177B12C124AEFF7A006E1D10 /* Debug */,
				177B12C224AEFF7A006E1D10 /* Release */,
			);
			defaultConfigurationIsVisible = 0;
			defaultConfigurationName = Release;
		};
/* End XCConfigurationList section */

/* Begin XCVersionGroup section */
		177B12B524AEFF78006E1D10 /* Competition5.xcdatamodeld */ = {
			isa = XCVersionGroup;
			children = (
				177B12B624AEFF78006E1D10 /* Competition5.xcdatamodel */,
			);
			currentVersion = 177B12B624AEFF78006E1D10 /* Competition5.xcdatamodel */;
			path = Competition5.xcdatamodeld;
			sourceTree = "<group>";
			versionGroupType = wrapper.xcdatamodel;
		};
/* End XCVersionGroup section */
	};
	rootObject = 177B12A124AEFF77006E1D10 /* Project object */;
}
